
Microsoft Visual Studio Solution File, Format Version 12.00
# Visual Studio Version 17
VisualStudioVersion = 17.5.002.0
MinimumVisualStudioVersion = 10.0.40219.1
Project("{9A19103F-16F7-4668-BE54-9A1E7A4F7556}") = "RemoteLlama", "src\RemoteLlama\RemoteLlama.csproj", "{BF54F3CC-3E81-42B2-B6F1-107F5CF70C07}"
EndProject
Project("{2150E333-8FDC-42A3-9474-1A3956D46DE8}") = "tests", "tests", "{55A8884D-7A25-44BE-B838-009CC4C6AD9A}"
EndProject
Project("{FAE04EC0-301F-11D3-BF4B-00C04F79EFBC}") = "RemoteLlama.Tests", "tests\RemoteLlama.Tests\RemoteLlama.Tests.csproj", "{2D014731-6D3D-43B1-AFAB-4C06D04B945D}"
EndProject
Global
	GlobalSection(SolutionConfigurationPlatforms) = preSolution
		Debug|Any CPU = Debug|Any CPU
		Release|Any CPU = Release|Any CPU
	EndGlobalSection
	GlobalSection(ProjectConfigurationPlatforms) = postSolution
		{BF54F3CC-3E81-42B2-B6F1-107F5CF70C07}.Debug|Any CPU.ActiveCfg = Debug|Any CPU
		{BF54F3CC-3E81-42B2-B6F1-107F5CF70C07}.Debug|Any CPU.Build.0 = Debug|Any CPU
		{BF54F3CC-3E81-42B2-B6F1-107F5CF70C07}.Release|Any CPU.ActiveCfg = Release|Any CPU
		{BF54F3CC-3E81-42B2-B6F1-107F5CF70C07}.Release|Any CPU.Build.0 = Release|Any CPU
		{2D014731-6D3D-43B1-AFAB-4C06D04B945D}.Debug|Any CPU.ActiveCfg = Debug|Any CPU
		{2D014731-6D3D-43B1-AFAB-4C06D04B945D}.Debug|Any CPU.Build.0 = Debug|Any CPU
		{2D014731-6D3D-43B1-AFAB-4C06D04B945D}.Release|Any CPU.ActiveCfg = Release|Any CPU
		{2D014731-6D3D-43B1-AFAB-4C06D04B945D}.Release|Any CPU.Build.0 = Release|Any CPU
	EndGlobalSection
	GlobalSection(SolutionProperties) = preSolution
		HideSolutionNode = FALSE
	EndGlobalSection
	GlobalSection(ExtensibilityGlobals) = postSolution
		SolutionGuid = {FE65DC46-45BA-4037-82B9-989DB9E1B65D}
	EndGlobalSection
	GlobalSection(NestedProjects) = preSolution
		{2D014731-6D3D-43B1-AFAB-4C06D04B945D} = {55A8884D-7A25-44BE-B838-009CC4C6AD9A}
	EndGlobalSection
EndGlobal
